
Microsoft Visual Studio Solution File, Format Version 12.00
# Visual Studio Version 16
VisualStudioVersion = 16.0.30907.101
MinimumVisualStudioVersion = 10.0.40219.1
Project("{FAE04EC0-301F-11D3-BF4B-00C04F79EFBC}") = "iTopsLib", "iTopsLib\iTopsLib.csproj", "{26D5C698-179B-4E99-9237-AC344C016B61}"
	ProjectSection(ProjectDependencies) = postProject
		{ED6B1B0E-3465-4B61-A2B1-AC6EB331B744} = {ED6B1B0E-3465-4B61-A2B1-AC6EB331B744}
		{6017A014-7173-40D3-B650-771FB35F04E3} = {6017A014-7173-40D3-B650-771FB35F04E3}
		{14C3FA39-3116-47F8-A880-938CB2DC8D9A} = {14C3FA39-3116-47F8-A880-938CB2DC8D9A}
		{64DD684D-0438-4FCA-B40C-25024B90D8FA} = {64DD684D-0438-4FCA-B40C-25024B90D8FA}
		{6F592055-1067-496E-AF46-C0B56C337DD0} = {6F592055-1067-496E-AF46-C0B56C337DD0}
		{D9D2F669-D113-4DA9-BB43-716D89ECF9C6} = {D9D2F669-D113-4DA9-BB43-716D89ECF9C6}
		{E54DD7CE-45AB-4D11-9D2A-773919B21D81} = {E54DD7CE-45AB-4D11-9D2A-773919B21D81}
		{512908E4-D903-4B85-807C-D933F720D36B} = {512908E4-D903-4B85-807C-D933F720D36B}
	EndProjectSection
EndProject
Project("{FAE04EC0-301F-11D3-BF4B-00C04F79EFBC}") = "iTopsFTP", "iTopsFTP\iTopsFTP.csproj", "{512908E4-D903-4B85-807C-D933F720D36B}"
EndProject
Project("{FAE04EC0-301F-11D3-BF4B-00C04F79EFBC}") = "iTopsUpRGLTN", "iTopsUpRGLTN\iTopsUpRGLTN.csproj", "{EA24EF24-D37F-4573-B34A-948A30AC5772}"
	ProjectSection(ProjectDependencies) = postProject
		{0DDF6C12-54D9-43F8-ACC7-7D3CEDC6D3AF} = {0DDF6C12-54D9-43F8-ACC7-7D3CEDC6D3AF}
		{26D5C698-179B-4E99-9237-AC344C016B61} = {26D5C698-179B-4E99-9237-AC344C016B61}
		{306291DC-3F52-4F29-A276-764741426CD5} = {306291DC-3F52-4F29-A276-764741426CD5}
	EndProjectSection
EndProject
Project("{FAE04EC0-301F-11D3-BF4B-00C04F79EFBC}") = "iTopsMain", "iTopsMain\iTopsMain.csproj", "{A566990A-D3C7-426F-BA8E-4966C42DFF0D}"
	ProjectSection(ProjectDependencies) = postProject
		{26D5C698-179B-4E99-9237-AC344C016B61} = {26D5C698-179B-4E99-9237-AC344C016B61}
	EndProjectSection
EndProject
Project("{FAE04EC0-301F-11D3-BF4B-00C04F79EFBC}") = "UseLibLTI", "UseLibLTI\UseLibLTI.csproj", "{306291DC-3F52-4F29-A276-764741426CD5}"
	ProjectSection(ProjectDependencies) = postProject
		{26D5C698-179B-4E99-9237-AC344C016B61} = {26D5C698-179B-4E99-9237-AC344C016B61}
	EndProjectSection
EndProject
Project("{FAE04EC0-301F-11D3-BF4B-00C04F79EFBC}") = "AlprNet", "alprnet\AlprNet.csproj", "{F6106C0E-0E89-4D2E-89E6-19742D54B9F6}"
EndProject
Project("{FAE04EC0-301F-11D3-BF4B-00C04F79EFBC}") = "VehicleClassifierNet", "VehicleClassifierNet\VehicleClassifierNet.csproj", "{35F009E3-8F08-4DBD-94C5-0613A5C1DC65}"
EndProject
Project("{FAE04EC0-301F-11D3-BF4B-00C04F79EFBC}") = "UseLibALPR", "UseLibALPR\UseLibALPR.csproj", "{0DDF6C12-54D9-43F8-ACC7-7D3CEDC6D3AF}"
	ProjectSection(ProjectDependencies) = postProject
		{F6106C0E-0E89-4D2E-89E6-19742D54B9F6} = {F6106C0E-0E89-4D2E-89E6-19742D54B9F6}
		{35F009E3-8F08-4DBD-94C5-0613A5C1DC65} = {35F009E3-8F08-4DBD-94C5-0613A5C1DC65}
	EndProjectSection
EndProject
Project("{FAE04EC0-301F-11D3-BF4B-00C04F79EFBC}") = "DBCodes", "DBCodes\DBCodes.csproj", "{E54DD7CE-45AB-4D11-9D2A-773919B21D81}"
EndProject
Project("{2150E333-8FDC-42A3-9474-1A3956D46DE8}") = "Solution Items", "Solution Items", "{632B9B17-8D11-4BAE-BD10-7809EDB7F4D2}"
EndProject
Project("{FAE04EC0-301F-11D3-BF4B-00C04F79EFBC}") = "DBLibInspection", "DBLibInspection\DBLibInspection.csproj", "{6F592055-1067-496E-AF46-C0B56C337DD0}"
EndProject
Project("{FAE04EC0-301F-11D3-BF4B-00C04F79EFBC}") = "DBLibDistribute", "DBLibDistribute\DBLibDistribute.csproj", "{6017A014-7173-40D3-B650-771FB35F04E3}"
EndProject
Project("{FAE04EC0-301F-11D3-BF4B-00C04F79EFBC}") = "DBLibUpRGLTN", "DBLibUpRGLTN\DBLibUpRGLTN.csproj", "{64DD684D-0438-4FCA-B40C-25024B90D8FA}"
EndProject
Project("{FAE04EC0-301F-11D3-BF4B-00C04F79EFBC}") = "iTopsCdMaster", "iTopsCdMaster\iTopsCdMaster.csproj", "{68105BEE-4F4D-40F3-B365-C53CD6E4C9FC}"
EndProject
Project("{FAE04EC0-301F-11D3-BF4B-00C04F79EFBC}") = "iTopsMngOffenceCd", "iTopsMngOffenceCd\iTopsMngOffenceCd.csproj", "{CD0E657F-121C-4B12-BB79-BD467C90CEE7}"
	ProjectSection(ProjectDependencies) = postProject
		{26D5C698-179B-4E99-9237-AC344C016B61} = {26D5C698-179B-4E99-9237-AC344C016B61}
	EndProjectSection
EndProject
Project("{FAE04EC0-301F-11D3-BF4B-00C04F79EFBC}") = "DBLibMngOffenceCd", "DBLibMngOffenceCd\DBLibMngOffenceCd.csproj", "{D9D2F669-D113-4DA9-BB43-716D89ECF9C6}"
EndProject
Project("{FAE04EC0-301F-11D3-BF4B-00C04F79EFBC}") = "iTopsMngLocationMap", "iTopsMngLocationMap\iTopsMngLocationMap.csproj", "{96C24ED1-D761-4BC5-81A5-6D59AA095DA8}"
	ProjectSection(ProjectDependencies) = postProject
		{26D5C698-179B-4E99-9237-AC344C016B61} = {26D5C698-179B-4E99-9237-AC344C016B61}
	EndProjectSection
EndProject
Project("{FAE04EC0-301F-11D3-BF4B-00C04F79EFBC}") = "DBLibMngLocationMap", "DBLibMngLocationMap\DBLibMngLocationMap.csproj", "{14C3FA39-3116-47F8-A880-938CB2DC8D9A}"
EndProject
Project("{FAE04EC0-301F-11D3-BF4B-00C04F79EFBC}") = "iTopsMngUser", "iTopsMngUser\iTopsMngUser.csproj", "{48BFF0F4-0EAF-43B3-A127-A6D948922CE5}"
	ProjectSection(ProjectDependencies) = postProject
		{26D5C698-179B-4E99-9237-AC344C016B61} = {26D5C698-179B-4E99-9237-AC344C016B61}
	EndProjectSection
EndProject
Project("{FAE04EC0-301F-11D3-BF4B-00C04F79EFBC}") = "DBLibMngUser", "DBLibMngUser\DBLibMngUser.csproj", "{ED6B1B0E-3465-4B61-A2B1-AC6EB331B744}"
EndProject
Project("{FAE04EC0-301F-11D3-BF4B-00C04F79EFBC}") = "iTopsMngLocationCd", "iTopsMngLocationCd\iTopsMngLocationCd.csproj", "{A4D0AD24-1911-4AB1-838C-91562963B9F7}"
	ProjectSection(ProjectDependencies) = postProject
		{26D5C698-179B-4E99-9237-AC344C016B61} = {26D5C698-179B-4E99-9237-AC344C016B61}
	EndProjectSection
EndProject
Global
	GlobalSection(SolutionConfigurationPlatforms) = preSolution
		Debug|Any CPU = Debug|Any CPU
		Debug|x64 = Debug|x64
		Release|Any CPU = Release|Any CPU
		Release|x64 = Release|x64
	EndGlobalSection
	GlobalSection(ProjectConfigurationPlatforms) = postSolution
		{26D5C698-179B-4E99-9237-AC344C016B61}.Debug|Any CPU.ActiveCfg = Debug|Any CPU
		{26D5C698-179B-4E99-9237-AC344C016B61}.Debug|Any CPU.Build.0 = Debug|Any CPU
		{26D5C698-179B-4E99-9237-AC344C016B61}.Debug|x64.ActiveCfg = Debug|Any CPU
		{26D5C698-179B-4E99-9237-AC344C016B61}.Debug|x64.Build.0 = Debug|Any CPU
		{26D5C698-179B-4E99-9237-AC344C016B61}.Release|Any CPU.ActiveCfg = Release|Any CPU
		{26D5C698-179B-4E99-9237-AC344C016B61}.Release|Any CPU.Build.0 = Release|Any CPU
		{26D5C698-179B-4E99-9237-AC344C016B61}.Release|x64.ActiveCfg = Release|Any CPU
		{26D5C698-179B-4E99-9237-AC344C016B61}.Release|x64.Build.0 = Release|Any CPU
		{512908E4-D903-4B85-807C-D933F720D36B}.Debug|Any CPU.ActiveCfg = Debug|Any CPU
		{512908E4-D903-4B85-807C-D933F720D36B}.Debug|Any CPU.Build.0 = Debug|Any CPU
		{512908E4-D903-4B85-807C-D933F720D36B}.Debug|x64.ActiveCfg = Debug|Any CPU
		{512908E4-D903-4B85-807C-D933F720D36B}.Debug|x64.Build.0 = Debug|Any CPU
		{512908E4-D903-4B85-807C-D933F720D36B}.Release|Any CPU.ActiveCfg = Release|Any CPU
		{512908E4-D903-4B85-807C-D933F720D36B}.Release|Any CPU.Build.0 = Release|Any CPU
		{512908E4-D903-4B85-807C-D933F720D36B}.Release|x64.ActiveCfg = Release|Any CPU
		{512908E4-D903-4B85-807C-D933F720D36B}.Release|x64.Build.0 = Release|Any CPU
		{EA24EF24-D37F-4573-B34A-948A30AC5772}.Debug|Any CPU.ActiveCfg = Debug|x64
		{EA24EF24-D37F-4573-B34A-948A30AC5772}.Debug|Any CPU.Build.0 = Debug|x64
		{EA24EF24-D37F-4573-B34A-948A30AC5772}.Debug|x64.ActiveCfg = Debug|x64
		{EA24EF24-D37F-4573-B34A-948A30AC5772}.Debug|x64.Build.0 = Debug|x64
		{EA24EF24-D37F-4573-B34A-948A30AC5772}.Release|Any CPU.ActiveCfg = Release|x64
		{EA24EF24-D37F-4573-B34A-948A30AC5772}.Release|Any CPU.Build.0 = Release|x64
		{EA24EF24-D37F-4573-B34A-948A30AC5772}.Release|x64.ActiveCfg = Release|x64
		{EA24EF24-D37F-4573-B34A-948A30AC5772}.Release|x64.Build.0 = Release|x64
		{A566990A-D3C7-426F-BA8E-4966C42DFF0D}.Debug|Any CPU.ActiveCfg = Debug|Any CPU
		{A566990A-D3C7-426F-BA8E-4966C42DFF0D}.Debug|Any CPU.Build.0 = Debug|Any CPU
		{A566990A-D3C7-426F-BA8E-4966C42DFF0D}.Debug|x64.ActiveCfg = Debug|Any CPU
		{A566990A-D3C7-426F-BA8E-4966C42DFF0D}.Debug|x64.Build.0 = Debug|Any CPU
		{A566990A-D3C7-426F-BA8E-4966C42DFF0D}.Release|Any CPU.ActiveCfg = Release|Any CPU
		{A566990A-D3C7-426F-BA8E-4966C42DFF0D}.Release|Any CPU.Build.0 = Release|Any CPU
		{A566990A-D3C7-426F-BA8E-4966C42DFF0D}.Release|x64.ActiveCfg = Release|Any CPU
		{A566990A-D3C7-426F-BA8E-4966C42DFF0D}.Release|x64.Build.0 = Release|Any CPU
		{306291DC-3F52-4F29-A276-764741426CD5}.Debug|Any CPU.ActiveCfg = Debug|Any CPU
		{306291DC-3F52-4F29-A276-764741426CD5}.Debug|Any CPU.Build.0 = Debug|Any CPU
		{306291DC-3F52-4F29-A276-764741426CD5}.Debug|x64.ActiveCfg = Debug|x64
		{306291DC-3F52-4F29-A276-764741426CD5}.Debug|x64.Build.0 = Debug|x64
		{306291DC-3F52-4F29-A276-764741426CD5}.Release|Any CPU.ActiveCfg = Release|x64
		{306291DC-3F52-4F29-A276-764741426CD5}.Release|Any CPU.Build.0 = Release|x64
		{306291DC-3F52-4F29-A276-764741426CD5}.Release|x64.ActiveCfg = Release|x64
		{306291DC-3F52-4F29-A276-764741426CD5}.Release|x64.Build.0 = Release|x64
		{F6106C0E-0E89-4D2E-89E6-19742D54B9F6}.Debug|Any CPU.ActiveCfg = Debug|Any CPU
		{F6106C0E-0E89-4D2E-89E6-19742D54B9F6}.Debug|Any CPU.Build.0 = Debug|Any CPU
		{F6106C0E-0E89-4D2E-89E6-19742D54B9F6}.Debug|x64.ActiveCfg = Debug|x64
		{F6106C0E-0E89-4D2E-89E6-19742D54B9F6}.Debug|x64.Build.0 = Debug|x64
		{F6106C0E-0E89-4D2E-89E6-19742D54B9F6}.Release|Any CPU.ActiveCfg = Release|Any CPU
		{F6106C0E-0E89-4D2E-89E6-19742D54B9F6}.Release|Any CPU.Build.0 = Release|Any CPU
		{F6106C0E-0E89-4D2E-89E6-19742D54B9F6}.Release|x64.ActiveCfg = Release|x64
		{F6106C0E-0E89-4D2E-89E6-19742D54B9F6}.Release|x64.Build.0 = Release|x64
		{35F009E3-8F08-4DBD-94C5-0613A5C1DC65}.Debug|Any CPU.ActiveCfg = Debug|Any CPU
		{35F009E3-8F08-4DBD-94C5-0613A5C1DC65}.Debug|Any CPU.Build.0 = Debug|Any CPU
		{35F009E3-8F08-4DBD-94C5-0613A5C1DC65}.Debug|x64.ActiveCfg = Debug|x64
		{35F009E3-8F08-4DBD-94C5-0613A5C1DC65}.Debug|x64.Build.0 = Debug|x64
		{35F009E3-8F08-4DBD-94C5-0613A5C1DC65}.Release|Any CPU.ActiveCfg = Release|Any CPU
		{35F009E3-8F08-4DBD-94C5-0613A5C1DC65}.Release|Any CPU.Build.0 = Release|Any CPU
		{35F009E3-8F08-4DBD-94C5-0613A5C1DC65}.Release|x64.ActiveCfg = Release|x64
		{35F009E3-8F08-4DBD-94C5-0613A5C1DC65}.Release|x64.Build.0 = Release|x64
		{0DDF6C12-54D9-43F8-ACC7-7D3CEDC6D3AF}.Debug|Any CPU.ActiveCfg = Debug|x64
		{0DDF6C12-54D9-43F8-ACC7-7D3CEDC6D3AF}.Debug|Any CPU.Build.0 = Debug|x64
		{0DDF6C12-54D9-43F8-ACC7-7D3CEDC6D3AF}.Debug|x64.ActiveCfg = Debug|Any CPU
		{0DDF6C12-54D9-43F8-ACC7-7D3CEDC6D3AF}.Debug|x64.Build.0 = Debug|Any CPU
		{0DDF6C12-54D9-43F8-ACC7-7D3CEDC6D3AF}.Release|Any CPU.ActiveCfg = Release|Any CPU
		{0DDF6C12-54D9-43F8-ACC7-7D3CEDC6D3AF}.Release|Any CPU.Build.0 = Release|Any CPU
		{0DDF6C12-54D9-43F8-ACC7-7D3CEDC6D3AF}.Release|x64.ActiveCfg = Release|Any CPU
		{0DDF6C12-54D9-43F8-ACC7-7D3CEDC6D3AF}.Release|x64.Build.0 = Release|Any CPU
		{E54DD7CE-45AB-4D11-9D2A-773919B21D81}.Debug|Any CPU.ActiveCfg = Debug|Any CPU
		{E54DD7CE-45AB-4D11-9D2A-773919B21D81}.Debug|Any CPU.Build.0 = Debug|Any CPU
		{E54DD7CE-45AB-4D11-9D2A-773919B21D81}.Debug|x64.ActiveCfg = Debug|Any CPU
		{E54DD7CE-45AB-4D11-9D2A-773919B21D81}.Debug|x64.Build.0 = Debug|Any CPU
		{E54DD7CE-45AB-4D11-9D2A-773919B21D81}.Release|Any CPU.ActiveCfg = Release|Any CPU
		{E54DD7CE-45AB-4D11-9D2A-773919B21D81}.Release|Any CPU.Build.0 = Release|Any CPU
		{E54DD7CE-45AB-4D11-9D2A-773919B21D81}.Release|x64.ActiveCfg = Release|Any CPU
		{E54DD7CE-45AB-4D11-9D2A-773919B21D81}.Release|x64.Build.0 = Release|Any CPU
		{6F592055-1067-496E-AF46-C0B56C337DD0}.Debug|Any CPU.ActiveCfg = Debug|Any CPU
		{6F592055-1067-496E-AF46-C0B56C337DD0}.Debug|Any CPU.Build.0 = Debug|Any CPU
		{6F592055-1067-496E-AF46-C0B56C337DD0}.Debug|x64.ActiveCfg = Debug|Any CPU
		{6F592055-1067-496E-AF46-C0B56C337DD0}.Debug|x64.Build.0 = Debug|Any CPU
		{6F592055-1067-496E-AF46-C0B56C337DD0}.Release|Any CPU.ActiveCfg = Release|Any CPU
		{6F592055-1067-496E-AF46-C0B56C337DD0}.Release|Any CPU.Build.0 = Release|Any CPU
		{6F592055-1067-496E-AF46-C0B56C337DD0}.Release|x64.ActiveCfg = Release|Any CPU
		{6F592055-1067-496E-AF46-C0B56C337DD0}.Release|x64.Build.0 = Release|Any CPU
		{6017A014-7173-40D3-B650-771FB35F04E3}.Debug|Any CPU.ActiveCfg = Debug|Any CPU
		{6017A014-7173-40D3-B650-771FB35F04E3}.Debug|Any CPU.Build.0 = Debug|Any CPU
		{6017A014-7173-40D3-B650-771FB35F04E3}.Debug|x64.ActiveCfg = Debug|Any CPU
		{6017A014-7173-40D3-B650-771FB35F04E3}.Debug|x64.Build.0 = Debug|Any CPU
		{6017A014-7173-40D3-B650-771FB35F04E3}.Release|Any CPU.ActiveCfg = Release|Any CPU
		{6017A014-7173-40D3-B650-771FB35F04E3}.Release|Any CPU.Build.0 = Release|Any CPU
		{6017A014-7173-40D3-B650-771FB35F04E3}.Release|x64.ActiveCfg = Release|Any CPU
		{6017A014-7173-40D3-B650-771FB35F04E3}.Release|x64.Build.0 = Release|Any CPU
		{64DD684D-0438-4FCA-B40C-25024B90D8FA}.Debug|Any CPU.ActiveCfg = Debug|Any CPU
		{64DD684D-0438-4FCA-B40C-25024B90D8FA}.Debug|Any CPU.Build.0 = Debug|Any CPU
		{64DD684D-0438-4FCA-B40C-25024B90D8FA}.Debug|x64.ActiveCfg = Debug|Any CPU
		{64DD684D-0438-4FCA-B40C-25024B90D8FA}.Debug|x64.Build.0 = Debug|Any CPU
		{64DD684D-0438-4FCA-B40C-25024B90D8FA}.Release|Any CPU.ActiveCfg = Release|Any CPU
		{64DD684D-0438-4FCA-B40C-25024B90D8FA}.Release|Any CPU.Build.0 = Release|Any CPU
		{64DD684D-0438-4FCA-B40C-25024B90D8FA}.Release|x64.ActiveCfg = Release|Any CPU
		{64DD684D-0438-4FCA-B40C-25024B90D8FA}.Release|x64.Build.0 = Release|Any CPU
		{68105BEE-4F4D-40F3-B365-C53CD6E4C9FC}.Debug|Any CPU.ActiveCfg = Debug|Any CPU
		{68105BEE-4F4D-40F3-B365-C53CD6E4C9FC}.Debug|Any CPU.Build.0 = Debug|Any CPU
		{68105BEE-4F4D-40F3-B365-C53CD6E4C9FC}.Debug|x64.ActiveCfg = Debug|Any CPU
		{68105BEE-4F4D-40F3-B365-C53CD6E4C9FC}.Debug|x64.Build.0 = Debug|Any CPU
		{68105BEE-4F4D-40F3-B365-C53CD6E4C9FC}.Release|Any CPU.ActiveCfg = Release|Any CPU
		{68105BEE-4F4D-40F3-B365-C53CD6E4C9FC}.Release|Any CPU.Build.0 = Release|Any CPU
		{68105BEE-4F4D-40F3-B365-C53CD6E4C9FC}.Release|x64.ActiveCfg = Release|Any CPU
		{68105BEE-4F4D-40F3-B365-C53CD6E4C9FC}.Release|x64.Build.0 = Release|Any CPU
		{CD0E657F-121C-4B12-BB79-BD467C90CEE7}.Debug|Any CPU.ActiveCfg = Debug|Any CPU
		{CD0E657F-121C-4B12-BB79-BD467C90CEE7}.Debug|Any CPU.Build.0 = Debug|Any CPU
		{CD0E657F-121C-4B12-BB79-BD467C90CEE7}.Debug|x64.ActiveCfg = Debug|Any CPU
		{CD0E657F-121C-4B12-BB79-BD467C90CEE7}.Debug|x64.Build.0 = Debug|Any CPU
		{CD0E657F-121C-4B12-BB79-BD467C90CEE7}.Release|Any CPU.ActiveCfg = Release|Any CPU
		{CD0E657F-121C-4B12-BB79-BD467C90CEE7}.Release|Any CPU.Build.0 = Release|Any CPU
		{CD0E657F-121C-4B12-BB79-BD467C90CEE7}.Release|x64.ActiveCfg = Release|Any CPU
		{CD0E657F-121C-4B12-BB79-BD467C90CEE7}.Release|x64.Build.0 = Release|Any CPU
		{D9D2F669-D113-4DA9-BB43-716D89ECF9C6}.Debug|Any CPU.ActiveCfg = Debug|Any CPU
		{D9D2F669-D113-4DA9-BB43-716D89ECF9C6}.Debug|Any CPU.Build.0 = Debug|Any CPU
		{D9D2F669-D113-4DA9-BB43-716D89ECF9C6}.Debug|x64.ActiveCfg = Debug|Any CPU
		{D9D2F669-D113-4DA9-BB43-716D89ECF9C6}.Debug|x64.Build.0 = Debug|Any CPU
		{D9D2F669-D113-4DA9-BB43-716D89ECF9C6}.Release|Any CPU.ActiveCfg = Release|Any CPU
		{D9D2F669-D113-4DA9-BB43-716D89ECF9C6}.Release|Any CPU.Build.0 = Release|Any CPU
		{D9D2F669-D113-4DA9-BB43-716D89ECF9C6}.Release|x64.ActiveCfg = Release|Any CPU
		{D9D2F669-D113-4DA9-BB43-716D89ECF9C6}.Release|x64.Build.0 = Release|Any CPU
		{96C24ED1-D761-4BC5-81A5-6D59AA095DA8}.Debug|Any CPU.ActiveCfg = Debug|Any CPU
		{96C24ED1-D761-4BC5-81A5-6D59AA095DA8}.Debug|Any CPU.Build.0 = Debug|Any CPU
		{96C24ED1-D761-4BC5-81A5-6D59AA095DA8}.Debug|x64.ActiveCfg = Debug|Any CPU
		{96C24ED1-D761-4BC5-81A5-6D59AA095DA8}.Debug|x64.Build.0 = Debug|Any CPU
		{96C24ED1-D761-4BC5-81A5-6D59AA095DA8}.Release|Any CPU.ActiveCfg = Release|Any CPU
		{96C24ED1-D761-4BC5-81A5-6D59AA095DA8}.Release|Any CPU.Build.0 = Release|Any CPU
		{96C24ED1-D761-4BC5-81A5-6D59AA095DA8}.Release|x64.ActiveCfg = Release|Any CPU
		{96C24ED1-D761-4BC5-81A5-6D59AA095DA8}.Release|x64.Build.0 = Release|Any CPU
		{14C3FA39-3116-47F8-A880-938CB2DC8D9A}.Debug|Any CPU.ActiveCfg = Debug|Any CPU
		{14C3FA39-3116-47F8-A880-938CB2DC8D9A}.Debug|Any CPU.Build.0 = Debug|Any CPU
		{14C3FA39-3116-47F8-A880-938CB2DC8D9A}.Debug|x64.ActiveCfg = Debug|Any CPU
		{14C3FA39-3116-47F8-A880-938CB2DC8D9A}.Debug|x64.Build.0 = Debug|Any CPU
		{14C3FA39-3116-47F8-A880-938CB2DC8D9A}.Release|Any CPU.ActiveCfg = Release|Any CPU
		{14C3FA39-3116-47F8-A880-938CB2DC8D9A}.Release|Any CPU.Build.0 = Release|Any CPU
		{14C3FA39-3116-47F8-A880-938CB2DC8D9A}.Release|x64.ActiveCfg = Release|Any CPU
		{14C3FA39-3116-47F8-A880-938CB2DC8D9A}.Release|x64.Build.0 = Release|Any CPU
		{48BFF0F4-0EAF-43B3-A127-A6D948922CE5}.Debug|Any CPU.ActiveCfg = Debug|Any CPU
		{48BFF0F4-0EAF-43B3-A127-A6D948922CE5}.Debug|Any CPU.Build.0 = Debug|Any CPU
		{48BFF0F4-0EAF-43B3-A127-A6D948922CE5}.Debug|x64.ActiveCfg = Debug|Any CPU
		{48BFF0F4-0EAF-43B3-A127-A6D948922CE5}.Debug|x64.Build.0 = Debug|Any CPU
		{48BFF0F4-0EAF-43B3-A127-A6D948922CE5}.Release|Any CPU.ActiveCfg = Release|Any CPU
		{48BFF0F4-0EAF-43B3-A127-A6D948922CE5}.Release|Any CPU.Build.0 = Release|Any CPU
		{48BFF0F4-0EAF-43B3-A127-A6D948922CE5}.Release|x64.ActiveCfg = Release|Any CPU
		{48BFF0F4-0EAF-43B3-A127-A6D948922CE5}.Release|x64.Build.0 = Release|Any CPU
		{ED6B1B0E-3465-4B61-A2B1-AC6EB331B744}.Debug|Any CPU.ActiveCfg = Debug|Any CPU
		{ED6B1B0E-3465-4B61-A2B1-AC6EB331B744}.Debug|Any CPU.Build.0 = Debug|Any CPU
		{ED6B1B0E-3465-4B61-A2B1-AC6EB331B744}.Debug|x64.ActiveCfg = Debug|Any CPU
		{ED6B1B0E-3465-4B61-A2B1-AC6EB331B744}.Debug|x64.Build.0 = Debug|Any CPU
		{ED6B1B0E-3465-4B61-A2B1-AC6EB331B744}.Release|Any CPU.ActiveCfg = Release|Any CPU
		{ED6B1B0E-3465-4B61-A2B1-AC6EB331B744}.Release|Any CPU.Build.0 = Release|Any CPU
		{ED6B1B0E-3465-4B61-A2B1-AC6EB331B744}.Release|x64.ActiveCfg = Release|Any CPU
		{ED6B1B0E-3465-4B61-A2B1-AC6EB331B744}.Release|x64.Build.0 = Release|Any CPU
		{A4D0AD24-1911-4AB1-838C-91562963B9F7}.Debug|Any CPU.ActiveCfg = Debug|Any CPU
		{A4D0AD24-1911-4AB1-838C-91562963B9F7}.Debug|Any CPU.Build.0 = Debug|Any CPU
		{A4D0AD24-1911-4AB1-838C-91562963B9F7}.Debug|x64.ActiveCfg = Debug|Any CPU
		{A4D0AD24-1911-4AB1-838C-91562963B9F7}.Debug|x64.Build.0 = Debug|Any CPU
		{A4D0AD24-1911-4AB1-838C-91562963B9F7}.Release|Any CPU.ActiveCfg = Release|Any CPU
		{A4D0AD24-1911-4AB1-838C-91562963B9F7}.Release|Any CPU.Build.0 = Release|Any CPU
		{A4D0AD24-1911-4AB1-838C-91562963B9F7}.Release|x64.ActiveCfg = Release|Any CPU
		{A4D0AD24-1911-4AB1-838C-91562963B9F7}.Release|x64.Build.0 = Release|Any CPU
	EndGlobalSection
	GlobalSection(SolutionProperties) = preSolution
		HideSolutionNode = FALSE
	EndGlobalSection
	GlobalSection(ExtensibilityGlobals) = postSolution
		SolutionGuid = {6AB68E8C-36CC-490F-899D-941DCE509E80}
	EndGlobalSection
EndGlobal
